{
  "version": 4,
  "terraform_version": "0.12.20",
  "serial": 3,
  "lineage": "8fc40113-3ff4-5878-a6b3-2ee5e67911ac",
  "outputs": {},
  "resources": [
    {
      "mode": "data",
      "type": "hcloud_ssh_key",
      "name": "ssh_key",
      "provider": "provider.hcloud",
      "instances": [
        {
          "schema_version": 0,
          "attributes": {
            "fingerprint": "d7:39:df:90:cf:08:15:f1:42:ba:82:f6:89:eb:8f:c6",
            "id": 1266907,
            "labels": {
              "vpn": "true"
            },
            "name": "dkivenko@thinkpad",
            "public_key": "ssh-rsa AAAAB3NzaC1yc2EAAAADAQABAAABgQCpZav8mOSNLyHjEqThnS/dpMWHIWYmT+BN5ziS7EgilG+vQeqT/jmePaLtR+5uHBBMx7YY3y17oApYwD8wt2CdZRvIUu4QWWrRdra5awjzsEX8fqEJ+OXehcQmcHrlLR/cgZhjcv5hK5a1oueTH2AOiHcr5Li/BT20JtQsTTAQ4SZuJsT78RvnG5hB1e2WCHI/ihKENBZx7pBQOZ3G8kA1FRZcjuY3hAquGOk2777/+GIj5sQ0Yh/xd0K02/OkevH4wexLb5/EOwa6T52YCpnjBoSddL5K5oLfKC1HXih+/DSoWos/vCuJjJC4jMQUzDqvDGhTXREIDQ51KJGQ02l2FdjQw/YXXnnREzuHX9G8rLMxvT0lgGI0idpCcIonIt03pW3zyP8Q5kA/e8+SLJ8HWT++mCEqsmp1Xo8gswB6UK4wVd6Rf2PqQbNNRcleeVPNKOMmyyarOi+2MuVtMieORbSobqe0/HshKTa8Z2J3+UbozkBDCUjo5sAGrQ7XZOU= dkivenko@thinkpad",
            "selector": null,
            "with_selector": null
          }
        }
      ]
    },
    {
      "mode": "managed",
      "type": "hcloud_server",
      "name": "vpn",
      "provider": "provider.hcloud",
      "instances": [
        {
          "schema_version": 0,
          "attributes": {
            "backup_window": "",
            "backups": false,
            "datacenter": "fsn1-dc14",
            "id": "4644478",
            "image": "ubuntu-16.04",
            "ipv4_address": "116.202.31.206",
            "ipv6_address": "2a01:4f8:c17:81ff::",
            "ipv6_network": "2a01:4f8:c17:81ff::/64",
            "iso": null,
            "keep_disk": false,
            "labels": null,
            "location": "fsn1",
            "name": "vpn",
            "rescue": null,
            "server_type": "cx11",
            "ssh_keys": [
              "1266907"
            ],
            "status": "running",
            "user_data": null
          },
          "private": "bnVsbA=="
        }
      ]
    }
  ]
}
